// !$*UTF8*$!
{
	archiveVersion = 1;
	classes = {
	};
	objectVersion = 46;
	objects = {

/* Begin PBXBuildFile section */
		D8531D891E20AD11000DE8FE /* GraphDrawer.swift in Sources */ = {isa = PBXBuildFile; fileRef = D8531D881E20AD10000DE8FE /* GraphDrawer.swift */; };
		D8B6965C1E1FF5010070720D /* AxesDrawer.swift in Sources */ = {isa = PBXBuildFile; fileRef = D8B6965B1E1FF5010070720D /* AxesDrawer.swift */; };
		D8B6965E1E1FFEB60070720D /* GraphView.swift in Sources */ = {isa = PBXBuildFile; fileRef = D8B6965D1E1FFEB60070720D /* GraphView.swift */; };
		D8D704971E20C41400F6E32E /* AkimaInterpolator.swift in Sources */ = {isa = PBXBuildFile; fileRef = D8D704961E20C41400F6E32E /* AkimaInterpolator.swift */; };
		D8ECD7611E1FF15E001E2B72 /* AppDelegate.swift in Sources */ = {isa = PBXBuildFile; fileRef = D8ECD7601E1FF15E001E2B72 /* AppDelegate.swift */; };
		D8ECD7631E1FF15E001E2B72 /* ViewController.swift in Sources */ = {isa = PBXBuildFile; fileRef = D8ECD7621E1FF15E001E2B72 /* ViewController.swift */; };
		D8ECD7661E1FF15E001E2B72 /* Main.storyboard in Resources */ = {isa = PBXBuildFile; fileRef = D8ECD7641E1FF15E001E2B72 /* Main.storyboard */; };
		D8ECD7681E1FF15E001E2B72 /* Assets.xcassets in Resources */ = {isa = PBXBuildFile; fileRef = D8ECD7671E1FF15E001E2B72 /* Assets.xcassets */; };
		D8ECD76B1E1FF15E001E2B72 /* LaunchScreen.storyboard in Resources */ = {isa = PBXBuildFile; fileRef = D8ECD7691E1FF15E001E2B72 /* LaunchScreen.storyboard */; };
/* End PBXBuildFile section */

/* Begin PBXFileReference section */
		D8531D881E20AD10000DE8FE /* GraphDrawer.swift */ = {isa = PBXFileReference; fileEncoding = 4; lastKnownFileType = sourcecode.swift; path = GraphDrawer.swift; sourceTree = "<group>"; };
		D8B6965B1E1FF5010070720D /* AxesDrawer.swift */ = {isa = PBXFileReference; fileEncoding = 4; lastKnownFileType = sourcecode.swift; path = AxesDrawer.swift; sourceTree = "<group>"; };
		D8B6965D1E1FFEB60070720D /* GraphView.swift */ = {isa = PBXFileReference; fileEncoding = 4; lastKnownFileType = sourcecode.swift; path = GraphView.swift; sourceTree = "<group>"; };
		D8D704961E20C41400F6E32E /* AkimaInterpolator.swift */ = {isa = PBXFileReference; fileEncoding = 4; lastKnownFileType = sourcecode.swift; path = AkimaInterpolator.swift; sourceTree = "<group>"; };
		D8ECD75D1E1FF15E001E2B72 /* GraphBuilder.app */ = {isa = PBXFileReference; explicitFileType = wrapper.application; includeInIndex = 0; path = GraphBuilder.app; sourceTree = BUILT_PRODUCTS_DIR; };
		D8ECD7601E1FF15E001E2B72 /* AppDelegate.swift */ = {isa = PBXFileReference; lastKnownFileType = sourcecode.swift; path = AppDelegate.swift; sourceTree = "<group>"; };
		D8ECD7621E1FF15E001E2B72 /* ViewController.swift */ = {isa = PBXFileReference; lastKnownFileType = sourcecode.swift; path = ViewController.swift; sourceTree = "<group>"; };
		D8ECD7651E1FF15E001E2B72 /* Base */ = {isa = PBXFileReference; lastKnownFileType = file.storyboard; name = Base; path = Base.lproj/Main.storyboard; sourceTree = "<group>"; };
		D8ECD7671E1FF15E001E2B72 /* Assets.xcassets */ = {isa = PBXFileReference; lastKnownFileType = folder.assetcatalog; path = Assets.xcassets; sourceTree = "<group>"; };
		D8ECD76A1E1FF15E001E2B72 /* Base */ = {isa = PBXFileReference; lastKnownFileType = file.storyboard; name = Base; path = Base.lproj/LaunchScreen.storyboard; sourceTree = "<group>"; };
		D8ECD76C1E1FF15E001E2B72 /* Info.plist */ = {isa = PBXFileReference; lastKnownFileType = text.plist.xml; path = Info.plist; sourceTree = "<group>"; };
/* End PBXFileReference section */

/* Begin PBXFrameworksBuildPhase section */
		D8ECD75A1E1FF15E001E2B72 /* Frameworks */ = {
			isa = PBXFrameworksBuildPhase;
			buildActionMask = 2147483647;
			files = (
			);
			runOnlyForDeploymentPostprocessing = 0;
		};
/* End PBXFrameworksBuildPhase section */

/* Begin PBXGroup section */
		D8ECD7541E1FF15D001E2B72 = {
			isa = PBXGroup;
			children = (
				D8ECD75F1E1FF15E001E2B72 /* GraphBuilder */,
				D8ECD75E1E1FF15E001E2B72 /* Products */,
			);
			sourceTree = "<group>";
		};
		D8ECD75E1E1FF15E001E2B72 /* Products */ = {
			isa = PBXGroup;
			children = (
				D8ECD75D1E1FF15E001E2B72 /* GraphBuilder.app */,
			);
			name = Products;
			sourceTree = "<group>";
		};
		D8ECD75F1E1FF15E001E2B72 /* GraphBuilder */ = {
			isa = PBXGroup;
			children = (
				D8ECD7601E1FF15E001E2B72 /* AppDelegate.swift */,
				D8ECD7621E1FF15E001E2B72 /* ViewController.swift */,
				D8B6965D1E1FFEB60070720D /* GraphView.swift */,
				D8531D881E20AD10000DE8FE /* GraphDrawer.swift */,
				D8B6965B1E1FF5010070720D /* AxesDrawer.swift */,
				D8ECD7641E1FF15E001E2B72 /* Main.storyboard */,
				D8ECD7671E1FF15E001E2B72 /* Assets.xcassets */,
				D8ECD7691E1FF15E001E2B72 /* LaunchScreen.storyboard */,
				D8ECD76C1E1FF15E001E2B72 /* Info.plist */,
				D8D704961E20C41400F6E32E /* AkimaInterpolator.swift */,
			);
			path = GraphBuilder;
			sourceTree = "<group>";
		};
/* End PBXGroup section */

/* Begin PBXNativeTarget section */
		D8ECD75C1E1FF15E001E2B72 /* GraphBuilder */ = {
			isa = PBXNativeTarget;
			buildConfigurationList = D8ECD76F1E1FF15E001E2B72 /* Build configuration list for PBXNativeTarget "GraphBuilder" */;
			buildPhases = (
				D8ECD7591E1FF15E001E2B72 /* Sources */,
				D8ECD75A1E1FF15E001E2B72 /* Frameworks */,
				D8ECD75B1E1FF15E001E2B72 /* Resources */,
			);
			buildRules = (
			);
			dependencies = (
			);
			name = GraphBuilder;
			productName = GraphBuilder;
			productReference = D8ECD75D1E1FF15E001E2B72 /* GraphBuilder.app */;
			productType = "com.apple.product-type.application";
		};
/* End PBXNativeTarget section */

/* Begin PBXProject section */
		D8ECD7551E1FF15D001E2B72 /* Project object */ = {
			isa = PBXProject;
			attributes = {
				LastSwiftUpdateCheck = 0820;
				LastUpgradeCheck = 0820;
				ORGANIZATIONNAME = "Виталий Антипов";
				TargetAttributes = {
					D8ECD75C1E1FF15E001E2B72 = {
						CreatedOnToolsVersion = 8.2.1;
						ProvisioningStyle = Manual;
					};
				};
			};
			buildConfigurationList = D8ECD7581E1FF15D001E2B72 /* Build configuration list for PBXProject "GraphBuilder" */;
			compatibilityVersion = "Xcode 3.2";
			developmentRegion = English;
			hasScannedForEncodings = 0;
			knownRegions = (
				en,
				Base,
			);
			mainGroup = D8ECD7541E1FF15D001E2B72;
			productRefGroup = D8ECD75E1E1FF15E001E2B72 /* Products */;
			projectDirPath = "";
			projectRoot = "";
			targets = (
				D8ECD75C1E1FF15E001E2B72 /* GraphBuilder */,
			);
		};
/* End PBXProject section */

/* Begin PBXResourcesBuildPhase section */
		D8ECD75B1E1FF15E001E2B72 /* Resources */ = {
			isa = PBXResourcesBuildPhase;
			buildActionMask = 2147483647;
			files = (
				D8ECD76B1E1FF15E001E2B72 /* LaunchScreen.storyboard in Resources */,
				D8ECD7681E1FF15E001E2B72 /* Assets.xcassets in Resources */,
				D8ECD7661E1FF15E001E2B72 /* Main.storyboard in Resources */,
			);
			runOnlyForDeploymentPostprocessing = 0;
		};
/* End PBXResourcesBuildPhase section */

/* Begin PBXSourcesBuildPhase section */
		D8ECD7591E1FF15E001E2B72 /* Sources */ = {
			isa = PBXSourcesBuildPhase;
			buildActionMask = 2147483647;
			files = (
				D8D704971E20C41400F6E32E /* AkimaInterpolator.swift in Sources */,
				D8531D891E20AD11000DE8FE /* GraphDrawer.swift in Sources */,
				D8ECD7631E1FF15E001E2B72 /* ViewController.swift in Sources */,
				D8ECD7611E1FF15E001E2B72 /* AppDelegate.swift in Sources */,
				D8B6965C1E1FF5010070720D /* AxesDrawer.swift in Sources */,
				D8B6965E1E1FFEB60070720D /* GraphView.swift in Sources */,
			);
			runOnlyForDeploymentPostprocessing = 0;
		};
/* End PBXSourcesBuildPhase section */

/* Begin PBXVariantGroup section */
		D8ECD7641E1FF15E001E2B72 /* Main.storyboard */ = {
			isa = PBXVariantGroup;
			children = (
				D8ECD7651E1FF15E001E2B72 /* Base */,
			);
			name = Main.storyboard;
			sourceTree = "<group>";
		};
		D8ECD7691E1FF15E001E2B72 /* LaunchScreen.storyboard */ = {
			isa = PBXVariantGroup;
			children = (
				D8ECD76A1E1FF15E001E2B72 /* Base */,
			);
			name = LaunchScreen.storyboard;
			sourceTree = "<group>";
		};
/* End PBXVariantGroup section */

/* Begin XCBuildConfiguration section */
		D8ECD76D1E1FF15E001E2B72 /* Debug */ = {
			isa = XCBuildConfiguration;
			buildSettings = {
				ALWAYS_SEARCH_USER_PATHS = NO;
				CLANG_ANALYZER_NONNULL = YES;
				CLANG_CXX_LANGUAGE_STANDARD = "gnu++0x";
				CLANG_CXX_LIBRARY = "libc++";
				CLANG_ENABLE_MODULES = YES;
				CLANG_ENABLE_OBJC_ARC = YES;
				CLANG_WARN_BOOL_CONVERSION = YES;
				CLANG_WARN_CONSTANT_CONVERSION = YES;
				CLANG_WARN_DIRECT_OBJC_ISA_USAGE = YES_ERROR;
				CLANG_WARN_DOCUMENTATION_COMMENTS = YES;
				CLANG_WARN_EMPTY_BODY = YES;
				CLANG_WARN_ENUM_CONVERSION = YES;
				CLANG_WARN_INFINITE_RECURSION = YES;
				CLANG_WARN_INT_CONVERSION = YES;
				CLANG_WARN_OBJC_ROOT_CLASS = YES_ERROR;
				CLANG_WARN_SUSPICIOUS_MOVE = YES;
				CLANG_WARN_UNREACHABLE_CODE = YES;
				CLANG_WARN__DUPLICATE_METHOD_MATCH = YES;
				"CODE_SIGN_IDENTITY[sdk=iphoneos*]" = "iPhone Developer";
				COPY_PHASE_STRIP = NO;
				DEBUG_INFORMATION_FORMAT = dwarf;
				ENABLE_STRICT_OBJC_MSGSEND = YES;
				ENABLE_TESTABILITY = YES;
				GCC_C_LANGUAGE_STANDARD = gnu99;
				GCC_DYNAMIC_NO_PIC = NO;
				GCC_NO_COMMON_BLOCKS = YES;
				GCC_OPTIMIZATION_LEVEL = 0;
				GCC_PREPROCESSOR_DEFINITIONS = (
					"DEBUG=1",
					"$(inherited)",
				);
				GCC_WARN_64_TO_32_BIT_CONVERSION = YES;
				GCC_WARN_ABOUT_RETURN_TYPE = YES_ERROR;
				GCC_WARN_UNDECLARED_SELECTOR = YES;
				GCC_WARN_UNINITIALIZED_AUTOS = YES_AGGRESSIVE;
				GCC_WARN_UNUSED_FUNCTION = YES;
				GCC_WARN_UNUSED_VARIABLE = YES;
				IPHONEOS_DEPLOYMENT_TARGET = 10.2;
				MTL_ENABLE_DEBUG_INFO = YES;
				ONLY_ACTIVE_ARCH = YES;
				SDKROOT = iphoneos;
				SWIFT_ACTIVE_COMPILATION_CONDITIONS = DEBUG;
				SWIFT_OPTIMIZATION_LEVEL = "-Onone";
				TARGETED_DEVICE_FAMILY = "1,2";
			};
			name = Debug;
		};
		D8ECD76E1E1FF15E001E2B72 /* Release */ = {
			isa = XCBuildConfiguration;
			buildSettings = {
				ALWAYS_SEARCH_USER_PATHS = NO;
				CLANG_ANALYZER_NONNULL = YES;
				CLANG_CXX_LANGUAGE_STANDARD = "gnu++0x";
				CLANG_CXX_LIBRARY = "libc++";
				CLANG_ENABLE_MODULES = YES;
				CLANG_ENABLE_OBJC_ARC = YES;
				CLANG_WARN_BOOL_CONVERSION = YES;
				CLANG_WARN_CONSTANT_CONVERSION = YES;
				CLANG_WARN_DIRECT_OBJC_ISA_USAGE = YES_ERROR;
				CLANG_WARN_DOCUMENTATION_COMMENTS = YES;
				CLANG_WARN_EMPTY_BODY = YES;
				CLANG_WARN_ENUM_CONVERSION = YES;
				CLANG_WARN_INFINITE_RECURSION = YES;
				CLANG_WARN_INT_CONVERSION = YES;
				CLANG_WARN_OBJC_ROOT_CLASS = YES_ERROR;
				CLANG_WARN_SUSPICIOUS_MOVE = YES;
				CLANG_WARN_UNREACHABLE_CODE = YES;
				CLANG_WARN__DUPLICATE_METHOD_MATCH = YES;
				"CODE_SIGN_IDENTITY[sdk=iphoneos*]" = "iPhone Developer";
				COPY_PHASE_STRIP = NO;
				DEBUG_INFORMATION_FORMAT = "dwarf-with-dsym";
				ENABLE_NS_ASSERTIONS = NO;
				ENABLE_STRICT_OBJC_MSGSEND = YES;
				GCC_C_LANGUAGE_STANDARD = gnu99;
				GCC_NO_COMMON_BLOCKS = YES;
				GCC_WARN_64_TO_32_BIT_CONVERSION = YES;
				GCC_WARN_ABOUT_RETURN_TYPE = YES_ERROR;
				GCC_WARN_UNDECLARED_SELECTOR = YES;
				GCC_WARN_UNINITIALIZED_AUTOS = YES_AGGRESSIVE;
				GCC_WARN_UNUSED_FUNCTION = YES;
				GCC_WARN_UNUSED_VARIABLE = YES;
				IPHONEOS_DEPLOYMENT_TARGET = 10.2;
				MTL_ENABLE_DEBUG_INFO = NO;
				SDKROOT = iphoneos;
				SWIFT_OPTIMIZATION_LEVEL = "-Owholemodule";
				TARGETED_DEVICE_FAMILY = "1,2";
				VALIDATE_PRODUCT = YES;
			};
			name = Release;
		};
		D8ECD7701E1FF15E001E2B72 /* Debug */ = {
			isa = XCBuildConfiguration;
			buildSettings = {
				ASSETCATALOG_COMPILER_APPICON_NAME = AppIcon;
				DEVELOPMENT_TEAM = "";
				INFOPLIST_FILE = GraphBuilder/Info.plist;
				LD_RUNPATH_SEARCH_PATHS = "$(inherited) @executable_path/Frameworks";
				PRODUCT_BUNDLE_IDENTIFIER = home.GraphBuilder;
				PRODUCT_NAME = "$(TARGET_NAME)";
				SWIFT_VERSION = 3.0;
			};
			name = Debug;
		};
		D8ECD7711E1FF15E001E2B72 /* Release */ = {
			isa = XCBuildConfiguration;
			buildSettings = {
				ASSETCATALOG_COMPILER_APPICON_NAME = AppIcon;
				DEVELOPMENT_TEAM = "";
				INFOPLIST_FILE = GraphBuilder/Info.plist;
				LD_RUNPATH_SEARCH_PATHS = "$(inherited) @executable_path/Frameworks";
				PRODUCT_BUNDLE_IDENTIFIER = home.GraphBuilder;
				PRODUCT_NAME = "$(TARGET_NAME)";
				SWIFT_VERSION = 3.0;
			};
			name = Release;
		};
/* End XCBuildConfiguration section */

/* Begin XCConfigurationList section */
		D8ECD7581E1FF15D001E2B72 /* Build configuration list for PBXProject "GraphBuilder" */ = {
			isa = XCConfigurationList;
			buildConfigurations = (
				D8ECD76D1E1FF15E001E2B72 /* Debug */,
				D8ECD76E1E1FF15E001E2B72 /* Release */,
			);
			defaultConfigurationIsVisible = 0;
			defaultConfigurationName = Release;
		};
		D8ECD76F1E1FF15E001E2B72 /* Build configuration list for PBXNativeTarget "GraphBuilder" */ = {
			isa = XCConfigurationList;
			buildConfigurations = (
				D8ECD7701E1FF15E001E2B72 /* Debug */,
				D8ECD7711E1FF15E001E2B72 /* Release */,
			);
			defaultConfigurationIsVisible = 0;
			defaultConfigurationName = Release;
		};
/* End XCConfigurationList section */
	};
	rootObject = D8ECD7551E1FF15D001E2B72 /* Project object */;
}
